
Microsoft Visual Studio Solution File, Format Version 12.00
# Visual Studio Version 17
VisualStudioVersion = 17.5.33627.172
MinimumVisualStudioVersion = 10.0.40219.1
Project("{8BC9CEB8-8B4A-11D0-8D11-00A0C91BC942}") = "test_7.27", "test_7.27.vcxproj", "{95FEF6AB-D47E-4B71-9485-B71CA14128DF}"
EndProject
Global
	GlobalSection(SolutionConfigurationPlatforms) = preSolution
		Debug|x64 = Debug|x64
		Debug|x86 = Debug|x86
		Release|x64 = Release|x64
		Release|x86 = Release|x86
	EndGlobalSection
	GlobalSection(ProjectConfigurationPlatforms) = postSolution
		{95FEF6AB-D47E-4B71-9485-B71CA14128DF}.Debug|x64.ActiveCfg = Debug|x64
		{95FEF6AB-D47E-4B71-9485-B71CA14128DF}.Debug|x64.Build.0 = Debug|x64
		{95FEF6AB-D47E-4B71-9485-B71CA14128DF}.Debug|x86.ActiveCfg = Debug|Win32
		{95FEF6AB-D47E-4B71-9485-B71CA14128DF}.Debug|x86.Build.0 = Debug|Win32
		{95FEF6AB-D47E-4B71-9485-B71CA14128DF}.Release|x64.ActiveCfg = Release|x64
		{95FEF6AB-D47E-4B71-9485-B71CA14128DF}.Release|x64.Build.0 = Release|x64
		{95FEF6AB-D47E-4B71-9485-B71CA14128DF}.Release|x86.ActiveCfg = Release|Win32
		{95FEF6AB-D47E-4B71-9485-B71CA14128DF}.Release|x86.Build.0 = Release|Win32
	EndGlobalSection
	GlobalSection(SolutionProperties) = preSolution
		HideSolutionNode = FALSE
	EndGlobalSection
	GlobalSection(ExtensibilityGlobals) = postSolution
		SolutionGuid = {0D788EF1-BCF9-4E4F-B13C-AE0185527085}
	EndGlobalSection
EndGlobal
