
Microsoft Visual Studio Solution File, Format Version 12.00
# Visual Studio Version 17
VisualStudioVersion = 17.5.33627.172
MinimumVisualStudioVersion = 10.0.40219.1
Project("{8BC9CEB8-8B4A-11D0-8D11-00A0C91BC942}") = "test_8_29", "test_8_29.vcxproj", "{D58754B4-3481-4EA1-AB97-9E37677A08D7}"
EndProject
Global
	GlobalSection(SolutionConfigurationPlatforms) = preSolution
		Debug|x64 = Debug|x64
		Debug|x86 = Debug|x86
		Release|x64 = Release|x64
		Release|x86 = Release|x86
	EndGlobalSection
	GlobalSection(ProjectConfigurationPlatforms) = postSolution
		{D58754B4-3481-4EA1-AB97-9E37677A08D7}.Debug|x64.ActiveCfg = Debug|x64
		{D58754B4-3481-4EA1-AB97-9E37677A08D7}.Debug|x64.Build.0 = Debug|x64
		{D58754B4-3481-4EA1-AB97-9E37677A08D7}.Debug|x86.ActiveCfg = Debug|Win32
		{D58754B4-3481-4EA1-AB97-9E37677A08D7}.Debug|x86.Build.0 = Debug|Win32
		{D58754B4-3481-4EA1-AB97-9E37677A08D7}.Release|x64.ActiveCfg = Release|x64
		{D58754B4-3481-4EA1-AB97-9E37677A08D7}.Release|x64.Build.0 = Release|x64
		{D58754B4-3481-4EA1-AB97-9E37677A08D7}.Release|x86.ActiveCfg = Release|Win32
		{D58754B4-3481-4EA1-AB97-9E37677A08D7}.Release|x86.Build.0 = Release|Win32
	EndGlobalSection
	GlobalSection(SolutionProperties) = preSolution
		HideSolutionNode = FALSE
	EndGlobalSection
	GlobalSection(ExtensibilityGlobals) = postSolution
		SolutionGuid = {DF58090E-4CE0-4BB6-8285-D8BCBB4CD0B9}
	EndGlobalSection
EndGlobal
