
Microsoft Visual Studio Solution File, Format Version 12.00
# Visual Studio Version 17
VisualStudioVersion = 17.5.33627.172
MinimumVisualStudioVersion = 10.0.40219.1
Project("{8BC9CEB8-8B4A-11D0-8D11-00A0C91BC942}") = "test_9_6", "test_9_6.vcxproj", "{FA8B311B-919C-4672-9A5B-C234F6B57F8A}"
EndProject
Global
	GlobalSection(SolutionConfigurationPlatforms) = preSolution
		Debug|x64 = Debug|x64
		Debug|x86 = Debug|x86
		Release|x64 = Release|x64
		Release|x86 = Release|x86
	EndGlobalSection
	GlobalSection(ProjectConfigurationPlatforms) = postSolution
		{FA8B311B-919C-4672-9A5B-C234F6B57F8A}.Debug|x64.ActiveCfg = Debug|x64
		{FA8B311B-919C-4672-9A5B-C234F6B57F8A}.Debug|x64.Build.0 = Debug|x64
		{FA8B311B-919C-4672-9A5B-C234F6B57F8A}.Debug|x86.ActiveCfg = Debug|Win32
		{FA8B311B-919C-4672-9A5B-C234F6B57F8A}.Debug|x86.Build.0 = Debug|Win32
		{FA8B311B-919C-4672-9A5B-C234F6B57F8A}.Release|x64.ActiveCfg = Release|x64
		{FA8B311B-919C-4672-9A5B-C234F6B57F8A}.Release|x64.Build.0 = Release|x64
		{FA8B311B-919C-4672-9A5B-C234F6B57F8A}.Release|x86.ActiveCfg = Release|Win32
		{FA8B311B-919C-4672-9A5B-C234F6B57F8A}.Release|x86.Build.0 = Release|Win32
	EndGlobalSection
	GlobalSection(SolutionProperties) = preSolution
		HideSolutionNode = FALSE
	EndGlobalSection
	GlobalSection(ExtensibilityGlobals) = postSolution
		SolutionGuid = {7FA2A67E-3115-4FF2-B830-BB2DBFEE415F}
	EndGlobalSection
EndGlobal
