
Microsoft Visual Studio Solution File, Format Version 12.00
# Visual Studio Version 17
VisualStudioVersion = 17.5.33627.172
MinimumVisualStudioVersion = 10.0.40219.1
Project("{8BC9CEB8-8B4A-11D0-8D11-00A0C91BC942}") = "test_1_7", "test_1_7.vcxproj", "{FD6FD7EF-D068-471F-96AB-F9FAB56729DA}"
EndProject
Global
	GlobalSection(SolutionConfigurationPlatforms) = preSolution
		Debug|x64 = Debug|x64
		Debug|x86 = Debug|x86
		Release|x64 = Release|x64
		Release|x86 = Release|x86
	EndGlobalSection
	GlobalSection(ProjectConfigurationPlatforms) = postSolution
		{FD6FD7EF-D068-471F-96AB-F9FAB56729DA}.Debug|x64.ActiveCfg = Debug|x64
		{FD6FD7EF-D068-471F-96AB-F9FAB56729DA}.Debug|x64.Build.0 = Debug|x64
		{FD6FD7EF-D068-471F-96AB-F9FAB56729DA}.Debug|x86.ActiveCfg = Debug|Win32
		{FD6FD7EF-D068-471F-96AB-F9FAB56729DA}.Debug|x86.Build.0 = Debug|Win32
		{FD6FD7EF-D068-471F-96AB-F9FAB56729DA}.Release|x64.ActiveCfg = Release|x64
		{FD6FD7EF-D068-471F-96AB-F9FAB56729DA}.Release|x64.Build.0 = Release|x64
		{FD6FD7EF-D068-471F-96AB-F9FAB56729DA}.Release|x86.ActiveCfg = Release|Win32
		{FD6FD7EF-D068-471F-96AB-F9FAB56729DA}.Release|x86.Build.0 = Release|Win32
	EndGlobalSection
	GlobalSection(SolutionProperties) = preSolution
		HideSolutionNode = FALSE
	EndGlobalSection
	GlobalSection(ExtensibilityGlobals) = postSolution
		SolutionGuid = {083FC36E-1D67-4872-9579-CC5221653CE6}
	EndGlobalSection
EndGlobal
